
Microsoft Visual Studio Solution File, Format Version 12.00
# Visual Studio Version 17
VisualStudioVersion = 17.11.35312.102
MinimumVisualStudioVersion = 10.0.40219.1
Project("{9A19103F-16F7-4668-BE54-9A1E7A4F7556}") = "E-Commerce.API", "E-Commerce.API\E-Commerce.API.csproj", "{507CA606-652C-4985-A2CC-28170826F05F}"
EndProject
Project("{9A19103F-16F7-4668-BE54-9A1E7A4F7556}") = "E-Commerce.Entities", "..\E-Commerce.Entities\E-Commerce.Entities.csproj", "{6C1C3EB2-5EDB-4EBF-8ADF-4EE8D13151C2}"
EndProject
Project("{9A19103F-16F7-4668-BE54-9A1E7A4F7556}") = "E-Commerce.DAL", "..\E-Commerce.DAL\E-Commerce.DAL.csproj", "{7E60E586-484D-4F6E-B4B0-6DC3CB00929B}"
EndProject
Project("{9A19103F-16F7-4668-BE54-9A1E7A4F7556}") = "E-Commerce.UI", "..\E-Commerce.UI\E-Commerce.UI.csproj", "{ACAE1EC8-F05F-4270-99DD-52749490E020}"
EndProject
Global
	GlobalSection(SolutionConfigurationPlatforms) = preSolution
		Debug|Any CPU = Debug|Any CPU
		Release|Any CPU = Release|Any CPU
	EndGlobalSection
	GlobalSection(ProjectConfigurationPlatforms) = postSolution
		{507CA606-652C-4985-A2CC-28170826F05F}.Debug|Any CPU.ActiveCfg = Debug|Any CPU
		{507CA606-652C-4985-A2CC-28170826F05F}.Debug|Any CPU.Build.0 = Debug|Any CPU
		{507CA606-652C-4985-A2CC-28170826F05F}.Release|Any CPU.ActiveCfg = Release|Any CPU
		{507CA606-652C-4985-A2CC-28170826F05F}.Release|Any CPU.Build.0 = Release|Any CPU
		{6C1C3EB2-5EDB-4EBF-8ADF-4EE8D13151C2}.Debug|Any CPU.ActiveCfg = Debug|Any CPU
		{6C1C3EB2-5EDB-4EBF-8ADF-4EE8D13151C2}.Debug|Any CPU.Build.0 = Debug|Any CPU
		{6C1C3EB2-5EDB-4EBF-8ADF-4EE8D13151C2}.Release|Any CPU.ActiveCfg = Release|Any CPU
		{6C1C3EB2-5EDB-4EBF-8ADF-4EE8D13151C2}.Release|Any CPU.Build.0 = Release|Any CPU
		{7E60E586-484D-4F6E-B4B0-6DC3CB00929B}.Debug|Any CPU.ActiveCfg = Debug|Any CPU
		{7E60E586-484D-4F6E-B4B0-6DC3CB00929B}.Debug|Any CPU.Build.0 = Debug|Any CPU
		{7E60E586-484D-4F6E-B4B0-6DC3CB00929B}.Release|Any CPU.ActiveCfg = Release|Any CPU
		{7E60E586-484D-4F6E-B4B0-6DC3CB00929B}.Release|Any CPU.Build.0 = Release|Any CPU
		{ACAE1EC8-F05F-4270-99DD-52749490E020}.Debug|Any CPU.ActiveCfg = Debug|Any CPU
		{ACAE1EC8-F05F-4270-99DD-52749490E020}.Debug|Any CPU.Build.0 = Debug|Any CPU
		{ACAE1EC8-F05F-4270-99DD-52749490E020}.Release|Any CPU.ActiveCfg = Release|Any CPU
		{ACAE1EC8-F05F-4270-99DD-52749490E020}.Release|Any CPU.Build.0 = Release|Any CPU
	EndGlobalSection
	GlobalSection(SolutionProperties) = preSolution
		HideSolutionNode = FALSE
	EndGlobalSection
	GlobalSection(ExtensibilityGlobals) = postSolution
		SolutionGuid = {16E434E0-E2AF-439B-BF05-509BA7251E0E}
	EndGlobalSection
EndGlobal
